
Microsoft Visual Studio Solution File, Format Version 12.00
# Visual Studio Version 17
VisualStudioVersion = 17.5.002.0
MinimumVisualStudioVersion = 10.0.40219.1
Project("{2150E333-8FDC-42A3-9474-1A3956D46DE8}") = "src", "src", "{822A8DB8-60CE-4C44-9089-C963BECC508C}"
EndProject
Project("{9A19103F-16F7-4668-BE54-9A1E7A4F7556}") = "1.get.started.ai.dotnet", "src\1.get.started.ai.dotnet\1.get.started.ai.dotnet.csproj", "{882F8ECA-8CDE-4470-9BF8-CF6B5493F4A2}"
EndProject
Project("{9A19103F-16F7-4668-BE54-9A1E7A4F7556}") = "1.get.started.ai.dotnet.advance", "src\1.get.started.ai.dotnet.advance\1.get.started.ai.dotnet.advance.csproj", "{ECDEB1B9-4E0D-4CF6-924C-3E8FE3E7B29E}"
EndProject
Project("{FAE04EC0-301F-11D3-BF4B-00C04F79EFBC}") = "2.vector", "src\2.vector\2.vector.csproj", "{0BDFC7E4-90F1-4B14-A32D-8A2C5E202AC5}"
EndProject
Project("{FAE04EC0-301F-11D3-BF4B-00C04F79EFBC}") = "VectorApp", "src\2.vector.realworld\VectorApp.csproj", "{791FB6B3-B87B-40FD-A01B-48C48703B6A1}"
EndProject
Project("{FAE04EC0-301F-11D3-BF4B-00C04F79EFBC}") = "2.1.openai", "src\2.vector.mongodb.atlas\2.1.openai\2.1.openai.csproj", "{2F71D004-8D41-4178-AAB6-B54D2F00BA23}"
EndProject
Project("{FAE04EC0-301F-11D3-BF4B-00C04F79EFBC}") = "2.2.azureopenai", "src\2.vector.mongodb.atlas\2.2.azureopenai\2.2.azureopenai.csproj", "{32A45BFE-17A6-422F-A75C-199C932B6560}"
EndProject
Project("{FAE04EC0-301F-11D3-BF4B-00C04F79EFBC}") = "4.semantickernel.gettingstart", "src\4.semantickernel.gettingstart\4.semantickernel.gettingstart.csproj", "{ED5BA3AA-340B-4775-8FB1-32B7E3DE7E9F}"
EndProject
Project("{FAE04EC0-301F-11D3-BF4B-00C04F79EFBC}") = "5.rag.customer.support", "src\5.rag.customer.support\5.rag.customer.support.csproj", "{12E1B825-DB1B-4556-B2EF-BBFF5F1C77B4}"
EndProject
Project("{FAE04EC0-301F-11D3-BF4B-00C04F79EFBC}") = "5.rag.benchmark", "src\5.rag.benchmark\5.rag.benchmark.csproj", "{9B43AC89-FA14-49B2-812C-1B660395F440}"
EndProject
Project("{FAE04EC0-301F-11D3-BF4B-00C04F79EFBC}") = "5.rag.hr", "src\5.rag.hr\5.rag.hr.csproj", "{AF0ED0EF-1051-4960-B905-53C9986A1971}"
EndProject
Global
	GlobalSection(SolutionConfigurationPlatforms) = preSolution
		Debug|Any CPU = Debug|Any CPU
		Release|Any CPU = Release|Any CPU
	EndGlobalSection
	GlobalSection(ProjectConfigurationPlatforms) = postSolution
		{882F8ECA-8CDE-4470-9BF8-CF6B5493F4A2}.Debug|Any CPU.ActiveCfg = Debug|Any CPU
		{882F8ECA-8CDE-4470-9BF8-CF6B5493F4A2}.Debug|Any CPU.Build.0 = Debug|Any CPU
		{882F8ECA-8CDE-4470-9BF8-CF6B5493F4A2}.Release|Any CPU.ActiveCfg = Release|Any CPU
		{882F8ECA-8CDE-4470-9BF8-CF6B5493F4A2}.Release|Any CPU.Build.0 = Release|Any CPU
		{ECDEB1B9-4E0D-4CF6-924C-3E8FE3E7B29E}.Debug|Any CPU.ActiveCfg = Debug|Any CPU
		{ECDEB1B9-4E0D-4CF6-924C-3E8FE3E7B29E}.Debug|Any CPU.Build.0 = Debug|Any CPU
		{ECDEB1B9-4E0D-4CF6-924C-3E8FE3E7B29E}.Release|Any CPU.ActiveCfg = Release|Any CPU
		{ECDEB1B9-4E0D-4CF6-924C-3E8FE3E7B29E}.Release|Any CPU.Build.0 = Release|Any CPU
		{0BDFC7E4-90F1-4B14-A32D-8A2C5E202AC5}.Debug|Any CPU.ActiveCfg = Debug|Any CPU
		{0BDFC7E4-90F1-4B14-A32D-8A2C5E202AC5}.Debug|Any CPU.Build.0 = Debug|Any CPU
		{0BDFC7E4-90F1-4B14-A32D-8A2C5E202AC5}.Release|Any CPU.ActiveCfg = Release|Any CPU
		{0BDFC7E4-90F1-4B14-A32D-8A2C5E202AC5}.Release|Any CPU.Build.0 = Release|Any CPU
		{791FB6B3-B87B-40FD-A01B-48C48703B6A1}.Debug|Any CPU.ActiveCfg = Debug|Any CPU
		{791FB6B3-B87B-40FD-A01B-48C48703B6A1}.Debug|Any CPU.Build.0 = Debug|Any CPU
		{791FB6B3-B87B-40FD-A01B-48C48703B6A1}.Release|Any CPU.ActiveCfg = Release|Any CPU
		{791FB6B3-B87B-40FD-A01B-48C48703B6A1}.Release|Any CPU.Build.0 = Release|Any CPU
		{2F71D004-8D41-4178-AAB6-B54D2F00BA23}.Debug|Any CPU.ActiveCfg = Debug|Any CPU
		{2F71D004-8D41-4178-AAB6-B54D2F00BA23}.Debug|Any CPU.Build.0 = Debug|Any CPU
		{2F71D004-8D41-4178-AAB6-B54D2F00BA23}.Release|Any CPU.ActiveCfg = Release|Any CPU
		{2F71D004-8D41-4178-AAB6-B54D2F00BA23}.Release|Any CPU.Build.0 = Release|Any CPU
		{32A45BFE-17A6-422F-A75C-199C932B6560}.Debug|Any CPU.ActiveCfg = Debug|Any CPU
		{32A45BFE-17A6-422F-A75C-199C932B6560}.Debug|Any CPU.Build.0 = Debug|Any CPU
		{32A45BFE-17A6-422F-A75C-199C932B6560}.Release|Any CPU.ActiveCfg = Release|Any CPU
		{32A45BFE-17A6-422F-A75C-199C932B6560}.Release|Any CPU.Build.0 = Release|Any CPU
		{ED5BA3AA-340B-4775-8FB1-32B7E3DE7E9F}.Debug|Any CPU.ActiveCfg = Debug|Any CPU
		{ED5BA3AA-340B-4775-8FB1-32B7E3DE7E9F}.Debug|Any CPU.Build.0 = Debug|Any CPU
		{ED5BA3AA-340B-4775-8FB1-32B7E3DE7E9F}.Release|Any CPU.ActiveCfg = Release|Any CPU
		{ED5BA3AA-340B-4775-8FB1-32B7E3DE7E9F}.Release|Any CPU.Build.0 = Release|Any CPU
		{12E1B825-DB1B-4556-B2EF-BBFF5F1C77B4}.Debug|Any CPU.ActiveCfg = Debug|Any CPU
		{12E1B825-DB1B-4556-B2EF-BBFF5F1C77B4}.Debug|Any CPU.Build.0 = Debug|Any CPU
		{12E1B825-DB1B-4556-B2EF-BBFF5F1C77B4}.Release|Any CPU.ActiveCfg = Release|Any CPU
		{12E1B825-DB1B-4556-B2EF-BBFF5F1C77B4}.Release|Any CPU.Build.0 = Release|Any CPU
		{9B43AC89-FA14-49B2-812C-1B660395F440}.Debug|Any CPU.ActiveCfg = Debug|Any CPU
		{9B43AC89-FA14-49B2-812C-1B660395F440}.Debug|Any CPU.Build.0 = Debug|Any CPU
		{9B43AC89-FA14-49B2-812C-1B660395F440}.Release|Any CPU.ActiveCfg = Release|Any CPU
		{9B43AC89-FA14-49B2-812C-1B660395F440}.Release|Any CPU.Build.0 = Release|Any CPU
		{AF0ED0EF-1051-4960-B905-53C9986A1971}.Debug|Any CPU.ActiveCfg = Debug|Any CPU
		{AF0ED0EF-1051-4960-B905-53C9986A1971}.Debug|Any CPU.Build.0 = Debug|Any CPU
		{AF0ED0EF-1051-4960-B905-53C9986A1971}.Release|Any CPU.ActiveCfg = Release|Any CPU
		{AF0ED0EF-1051-4960-B905-53C9986A1971}.Release|Any CPU.Build.0 = Release|Any CPU
	EndGlobalSection
	GlobalSection(SolutionProperties) = preSolution
		HideSolutionNode = FALSE
	EndGlobalSection
	GlobalSection(NestedProjects) = preSolution
		{882F8ECA-8CDE-4470-9BF8-CF6B5493F4A2} = {822A8DB8-60CE-4C44-9089-C963BECC508C}
		{ECDEB1B9-4E0D-4CF6-924C-3E8FE3E7B29E} = {822A8DB8-60CE-4C44-9089-C963BECC508C}
		{0BDFC7E4-90F1-4B14-A32D-8A2C5E202AC5} = {822A8DB8-60CE-4C44-9089-C963BECC508C}
		{791FB6B3-B87B-40FD-A01B-48C48703B6A1} = {822A8DB8-60CE-4C44-9089-C963BECC508C}
		{2F71D004-8D41-4178-AAB6-B54D2F00BA23} = {822A8DB8-60CE-4C44-9089-C963BECC508C}
		{32A45BFE-17A6-422F-A75C-199C932B6560} = {822A8DB8-60CE-4C44-9089-C963BECC508C}
		{ED5BA3AA-340B-4775-8FB1-32B7E3DE7E9F} = {822A8DB8-60CE-4C44-9089-C963BECC508C}
		{12E1B825-DB1B-4556-B2EF-BBFF5F1C77B4} = {822A8DB8-60CE-4C44-9089-C963BECC508C}
		{9B43AC89-FA14-49B2-812C-1B660395F440} = {822A8DB8-60CE-4C44-9089-C963BECC508C}
		{AF0ED0EF-1051-4960-B905-53C9986A1971} = {822A8DB8-60CE-4C44-9089-C963BECC508C}
	EndGlobalSection
	GlobalSection(ExtensibilityGlobals) = postSolution
		SolutionGuid = {7CB0A261-F2CF-44C1-9127-85C167D21B22}
	EndGlobalSection
EndGlobal
