
Microsoft Visual Studio Solution File, Format Version 12.00
# Visual Studio Version 17
VisualStudioVersion = 17.5.002.0
MinimumVisualStudioVersion = 10.0.40219.1
Project("{9A19103F-16F7-4668-BE54-9A1E7A4F7556}") = "5.rag.customer.support", "5.rag.customer.support.csproj", "{E85C7442-0ADF-48D3-854A-0476BF41A8E6}"
EndProject
Global
	GlobalSection(SolutionConfigurationPlatforms) = preSolution
		Debug|Any CPU = Debug|Any CPU
		Release|Any CPU = Release|Any CPU
	EndGlobalSection
	GlobalSection(ProjectConfigurationPlatforms) = postSolution
		{E85C7442-0ADF-48D3-854A-0476BF41A8E6}.Debug|Any CPU.ActiveCfg = Debug|Any CPU
		{E85C7442-0ADF-48D3-854A-0476BF41A8E6}.Debug|Any CPU.Build.0 = Debug|Any CPU
		{E85C7442-0ADF-48D3-854A-0476BF41A8E6}.Release|Any CPU.ActiveCfg = Release|Any CPU
		{E85C7442-0ADF-48D3-854A-0476BF41A8E6}.Release|Any CPU.Build.0 = Release|Any CPU
	EndGlobalSection
	GlobalSection(SolutionProperties) = preSolution
		HideSolutionNode = FALSE
	EndGlobalSection
	GlobalSection(ExtensibilityGlobals) = postSolution
		SolutionGuid = {A089955E-89F3-4B0B-AD42-842D0AA031F2}
	EndGlobalSection
EndGlobal
